{
  "name": "alapnian",
  "version": "1.0.0",
  "lockfileVersion": 3,
  "requires": true,
  "packages": {
    "": {
      "name": "alapnian",
      "version": "1.0.0",
      "license": "MIT",
      "dependencies": {
        "meta-sass-module": "^1.0.0"
      }
    },
    "node_modules/meta-sass-module": {
      "version": "1.0.0",
      "resolved": "https://registry.npmjs.org/meta-sass-module/-/meta-sass-module-1.0.0.tgz",
      "integrity": "sha512-6sL0dW6SK2v59ZtL8Hph/eMOgS2RLnpSScy/0sJcMebr0cBoe48iei+URQQpWXmOBdUqj2MgGsJ6DASmMSvGRg=="
    }
  }
}
